
Microsoft Visual Studio Solution File, Format Version 12.00
# Visual Studio Version 17
VisualStudioVersion = 17.10.35013.160
MinimumVisualStudioVersion = 10.0.40219.1
Project("{888888A0-9F3D-457C-B088-3A5042F75D52}") = "Pong Game", "Pong Game\Pong Game.pyproj", "{0CB43868-1132-4E2A-8190-680AA6AD6467}"
EndProject
Global
	GlobalSection(SolutionConfigurationPlatforms) = preSolution
		Debug|Any CPU = Debug|Any CPU
		Release|Any CPU = Release|Any CPU
	EndGlobalSection
	GlobalSection(ProjectConfigurationPlatforms) = postSolution
		{0CB43868-1132-4E2A-8190-680AA6AD6467}.Debug|Any CPU.ActiveCfg = Debug|Any CPU
		{0CB43868-1132-4E2A-8190-680AA6AD6467}.Release|Any CPU.ActiveCfg = Release|Any CPU
	EndGlobalSection
	GlobalSection(SolutionProperties) = preSolution
		HideSolutionNode = FALSE
	EndGlobalSection
	GlobalSection(ExtensibilityGlobals) = postSolution
		SolutionGuid = {D1EAAAAA-3FC2-49D4-970B-3E37E66DFF54}
	EndGlobalSection
EndGlobal
