
Microsoft Visual Studio Solution File, Format Version 12.00
# Visual Studio Version 17
VisualStudioVersion = 17.10.35013.160
MinimumVisualStudioVersion = 10.0.40219.1
Project("{888888A0-9F3D-457C-B088-3A5042F75D52}") = "Turtle Random Walk", "Turtle Random Walk\Turtle Random Walk.pyproj", "{8EC706E5-63DF-4644-A435-8C313D43F491}"
EndProject
Global
	GlobalSection(SolutionConfigurationPlatforms) = preSolution
		Debug|Any CPU = Debug|Any CPU
		Release|Any CPU = Release|Any CPU
	EndGlobalSection
	GlobalSection(ProjectConfigurationPlatforms) = postSolution
		{8EC706E5-63DF-4644-A435-8C313D43F491}.Debug|Any CPU.ActiveCfg = Debug|Any CPU
		{8EC706E5-63DF-4644-A435-8C313D43F491}.Release|Any CPU.ActiveCfg = Release|Any CPU
	EndGlobalSection
	GlobalSection(SolutionProperties) = preSolution
		HideSolutionNode = FALSE
	EndGlobalSection
	GlobalSection(ExtensibilityGlobals) = postSolution
		SolutionGuid = {FCA7E128-F2B7-40A4-875B-F65489FBD2BE}
	EndGlobalSection
EndGlobal
