
Microsoft Visual Studio Solution File, Format Version 12.00
# Visual Studio Version 17
VisualStudioVersion = 17.10.35013.160
MinimumVisualStudioVersion = 10.0.40219.1
Project("{888888A0-9F3D-457C-B088-3A5042F75D52}") = "Turtle Dashed Line", "Turtle Dashed Line\Turtle Dashed Line.pyproj", "{2191D9F2-0C24-41CE-9331-E4429BCAB090}"
EndProject
Global
	GlobalSection(SolutionConfigurationPlatforms) = preSolution
		Debug|Any CPU = Debug|Any CPU
		Release|Any CPU = Release|Any CPU
	EndGlobalSection
	GlobalSection(ProjectConfigurationPlatforms) = postSolution
		{2191D9F2-0C24-41CE-9331-E4429BCAB090}.Debug|Any CPU.ActiveCfg = Debug|Any CPU
		{2191D9F2-0C24-41CE-9331-E4429BCAB090}.Release|Any CPU.ActiveCfg = Release|Any CPU
	EndGlobalSection
	GlobalSection(SolutionProperties) = preSolution
		HideSolutionNode = FALSE
	EndGlobalSection
	GlobalSection(ExtensibilityGlobals) = postSolution
		SolutionGuid = {E0265F3B-97D5-41E1-A0C4-DBE1AFADC5B6}
	EndGlobalSection
EndGlobal
